
Microsoft Visual Studio Solution File, Format Version 12.00
# Visual Studio 15
VisualStudioVersion = 15.0.27130.2026
MinimumVisualStudioVersion = 10.0.40219.1
Project("{8BC9CEB8-8B4A-11D0-8D11-00A0C91BC942}") = "yvm", "yvm.vcxproj", "{18632D30-2113-4D0B-8208-2C7C9A89380B}"
EndProject
Global
	GlobalSection(SolutionConfigurationPlatforms) = preSolution
		CreateAsyncThreadsTest|x64 = CreateAsyncThreadsTest|x64
		CreateAsyncThreadsTest|x86 = CreateAsyncThreadsTest|x86
		GCTest|x64 = GCTest|x64
		GCTest|x86 = GCTest|x86
		ObjectArrayTest|x64 = ObjectArrayTest|x64
		ObjectArrayTest|x86 = ObjectArrayTest|x86
		QuickSort|x64 = QuickSort|x64
		QuickSort|x86 = QuickSort|x86
		SynchronizedBlockTest|x64 = SynchronizedBlockTest|x64
		SynchronizedBlockTest|x86 = SynchronizedBlockTest|x86
		ThrowExceptionTest|x64 = ThrowExceptionTest|x64
		ThrowExceptionTest|x86 = ThrowExceptionTest|x86
		WithoutSynchronizedBlockTest|x64 = WithoutSynchronizedBlockTest|x64
		WithoutSynchronizedBlockTest|x86 = WithoutSynchronizedBlockTest|x86
	EndGlobalSection
	GlobalSection(ProjectConfigurationPlatforms) = postSolution
		{18632D30-2113-4D0B-8208-2C7C9A89380B}.CreateAsyncThreadsTest|x64.ActiveCfg = CreateAsyncThreadsTest|x64
		{18632D30-2113-4D0B-8208-2C7C9A89380B}.CreateAsyncThreadsTest|x64.Build.0 = CreateAsyncThreadsTest|x64
		{18632D30-2113-4D0B-8208-2C7C9A89380B}.CreateAsyncThreadsTest|x86.ActiveCfg = CreateAsyncThreadsTest|Win32
		{18632D30-2113-4D0B-8208-2C7C9A89380B}.CreateAsyncThreadsTest|x86.Build.0 = CreateAsyncThreadsTest|Win32
		{18632D30-2113-4D0B-8208-2C7C9A89380B}.GCTest|x64.ActiveCfg = GCTest|x64
		{18632D30-2113-4D0B-8208-2C7C9A89380B}.GCTest|x64.Build.0 = GCTest|x64
		{18632D30-2113-4D0B-8208-2C7C9A89380B}.GCTest|x86.ActiveCfg = GCTest|Win32
		{18632D30-2113-4D0B-8208-2C7C9A89380B}.GCTest|x86.Build.0 = GCTest|Win32
		{18632D30-2113-4D0B-8208-2C7C9A89380B}.ObjectArrayTest|x64.ActiveCfg = ObjectArrayTest|x64
		{18632D30-2113-4D0B-8208-2C7C9A89380B}.ObjectArrayTest|x64.Build.0 = ObjectArrayTest|x64
		{18632D30-2113-4D0B-8208-2C7C9A89380B}.ObjectArrayTest|x86.ActiveCfg = ObjectArrayTest|Win32
		{18632D30-2113-4D0B-8208-2C7C9A89380B}.ObjectArrayTest|x86.Build.0 = ObjectArrayTest|Win32
		{18632D30-2113-4D0B-8208-2C7C9A89380B}.QuickSort|x64.ActiveCfg = QuickSort|x64
		{18632D30-2113-4D0B-8208-2C7C9A89380B}.QuickSort|x64.Build.0 = QuickSort|x64
		{18632D30-2113-4D0B-8208-2C7C9A89380B}.QuickSort|x86.ActiveCfg = QuickSort|Win32
		{18632D30-2113-4D0B-8208-2C7C9A89380B}.QuickSort|x86.Build.0 = QuickSort|Win32
		{18632D30-2113-4D0B-8208-2C7C9A89380B}.SynchronizedBlockTest|x64.ActiveCfg = SynchronizedBlockTest|x64
		{18632D30-2113-4D0B-8208-2C7C9A89380B}.SynchronizedBlockTest|x64.Build.0 = SynchronizedBlockTest|x64
		{18632D30-2113-4D0B-8208-2C7C9A89380B}.SynchronizedBlockTest|x86.ActiveCfg = SynchronizedBlockTest|Win32
		{18632D30-2113-4D0B-8208-2C7C9A89380B}.SynchronizedBlockTest|x86.Build.0 = SynchronizedBlockTest|Win32
		{18632D30-2113-4D0B-8208-2C7C9A89380B}.ThrowExceptionTest|x64.ActiveCfg = ThrowExceptionTest|x64
		{18632D30-2113-4D0B-8208-2C7C9A89380B}.ThrowExceptionTest|x64.Build.0 = ThrowExceptionTest|x64
		{18632D30-2113-4D0B-8208-2C7C9A89380B}.ThrowExceptionTest|x86.ActiveCfg = ThrowExceptionTest|Win32
		{18632D30-2113-4D0B-8208-2C7C9A89380B}.ThrowExceptionTest|x86.Build.0 = ThrowExceptionTest|Win32
		{18632D30-2113-4D0B-8208-2C7C9A89380B}.WithoutSynchronizedBlockTest|x64.ActiveCfg = WithoutSynchronizedBlockTest|x64
		{18632D30-2113-4D0B-8208-2C7C9A89380B}.WithoutSynchronizedBlockTest|x64.Build.0 = WithoutSynchronizedBlockTest|x64
		{18632D30-2113-4D0B-8208-2C7C9A89380B}.WithoutSynchronizedBlockTest|x86.ActiveCfg = WithoutSynchronizedBlockTest|Win32
		{18632D30-2113-4D0B-8208-2C7C9A89380B}.WithoutSynchronizedBlockTest|x86.Build.0 = WithoutSynchronizedBlockTest|Win32
	EndGlobalSection
	GlobalSection(SolutionProperties) = preSolution
		HideSolutionNode = FALSE
	EndGlobalSection
	GlobalSection(ExtensibilityGlobals) = postSolution
		SolutionGuid = {AC0F3FE7-FBCE-4EC9-ADF3-06648A002066}
	EndGlobalSection
EndGlobal
